
Microsoft Visual Studio Solution File, Format Version 12.00
# Visual Studio Version 16
VisualStudioVersion = 16.0.31829.152
MinimumVisualStudioVersion = 10.0.40219.1
Project("{9A19103F-16F7-4668-BE54-9A1E7A4F7556}") = "MarsRover", "MarsRover\MarsRover.csproj", "{50BCE6A4-DD1D-421E-BFC1-2760B2479778}"
EndProject
Project("{9A19103F-16F7-4668-BE54-9A1E7A4F7556}") = "RoverDll", "RoverDll\RoverDll.csproj", "{436C04D9-FD6F-43B4-B5B2-FB0E1DBED532}"
EndProject
Global
	GlobalSection(SolutionConfigurationPlatforms) = preSolution
		Debug|Any CPU = Debug|Any CPU
		Release|Any CPU = Release|Any CPU
	EndGlobalSection
	GlobalSection(ProjectConfigurationPlatforms) = postSolution
		{50BCE6A4-DD1D-421E-BFC1-2760B2479778}.Debug|Any CPU.ActiveCfg = Debug|Any CPU
		{50BCE6A4-DD1D-421E-BFC1-2760B2479778}.Debug|Any CPU.Build.0 = Debug|Any CPU
		{50BCE6A4-DD1D-421E-BFC1-2760B2479778}.Release|Any CPU.ActiveCfg = Release|Any CPU
		{50BCE6A4-DD1D-421E-BFC1-2760B2479778}.Release|Any CPU.Build.0 = Release|Any CPU
		{436C04D9-FD6F-43B4-B5B2-FB0E1DBED532}.Debug|Any CPU.ActiveCfg = Debug|Any CPU
		{436C04D9-FD6F-43B4-B5B2-FB0E1DBED532}.Debug|Any CPU.Build.0 = Debug|Any CPU
		{436C04D9-FD6F-43B4-B5B2-FB0E1DBED532}.Release|Any CPU.ActiveCfg = Release|Any CPU
		{436C04D9-FD6F-43B4-B5B2-FB0E1DBED532}.Release|Any CPU.Build.0 = Release|Any CPU
	EndGlobalSection
	GlobalSection(SolutionProperties) = preSolution
		HideSolutionNode = FALSE
	EndGlobalSection
	GlobalSection(ExtensibilityGlobals) = postSolution
		SolutionGuid = {22265A86-9FD1-4582-9890-133F4C6800F2}
	EndGlobalSection
EndGlobal
